// !$*UTF8*$!
{
	archiveVersion = 1;
	classes = {
	};
	objectVersion = 46;
	objects = {

/* Begin PBXBuildFile section */
		049B303E1DE535DA00B7358A /* main.m in Sources */ = {isa = PBXBuildFile; fileRef = 049B303D1DE535DA00B7358A /* main.m */; };
		049B30411DE535DA00B7358A /* AppDelegate.m in Sources */ = {isa = PBXBuildFile; fileRef = 049B30401DE535DA00B7358A /* AppDelegate.m */; };
		049B30471DE535DA00B7358A /* Main.storyboard in Resources */ = {isa = PBXBuildFile; fileRef = 049B30451DE535DA00B7358A /* Main.storyboard */; };
		049B30491DE535DA00B7358A /* Assets.xcassets in Resources */ = {isa = PBXBuildFile; fileRef = 049B30481DE535DA00B7358A /* Assets.xcassets */; };
		049B304C1DE535DA00B7358A /* LaunchScreen.storyboard in Resources */ = {isa = PBXBuildFile; fileRef = 049B304A1DE535DA00B7358A /* LaunchScreen.storyboard */; };
		049B30541DE535F300B7358A /* Info.plist in Resources */ = {isa = PBXBuildFile; fileRef = 049B30531DE535F300B7358A /* Info.plist */; };
		049B30571DE5360600B7358A /* ViewController.m in Sources */ = {isa = PBXBuildFile; fileRef = 049B30561DE5360600B7358A /* ViewController.m */; };
/* End PBXBuildFile section */

/* Begin PBXFileReference section */
		049B30391DE535DA00B7358A /* 获取图片信息.app */ = {isa = PBXFileReference; explicitFileType = wrapper.application; includeInIndex = 0; path = "获取图片信息.app"; sourceTree = BUILT_PRODUCTS_DIR; };
		049B303D1DE535DA00B7358A /* main.m */ = {isa = PBXFileReference; lastKnownFileType = sourcecode.c.objc; path = main.m; sourceTree = "<group>"; };
		049B303F1DE535DA00B7358A /* AppDelegate.h */ = {isa = PBXFileReference; lastKnownFileType = sourcecode.c.h; path = AppDelegate.h; sourceTree = "<group>"; };
		049B30401DE535DA00B7358A /* AppDelegate.m */ = {isa = PBXFileReference; lastKnownFileType = sourcecode.c.objc; path = AppDelegate.m; sourceTree = "<group>"; };
		049B30461DE535DA00B7358A /* Base */ = {isa = PBXFileReference; lastKnownFileType = file.storyboard; name = Base; path = Base.lproj/Main.storyboard; sourceTree = "<group>"; };
		049B30481DE535DA00B7358A /* Assets.xcassets */ = {isa = PBXFileReference; lastKnownFileType = folder.assetcatalog; path = Assets.xcassets; sourceTree = "<group>"; };
		049B304B1DE535DA00B7358A /* Base */ = {isa = PBXFileReference; lastKnownFileType = file.storyboard; name = Base; path = Base.lproj/LaunchScreen.storyboard; sourceTree = "<group>"; };
		049B30531DE535F300B7358A /* Info.plist */ = {isa = PBXFileReference; fileEncoding = 4; lastKnownFileType = text.plist.xml; path = Info.plist; sourceTree = "<group>"; };
		049B30551DE5360600B7358A /* ViewController.h */ = {isa = PBXFileReference; fileEncoding = 4; lastKnownFileType = sourcecode.c.h; path = ViewController.h; sourceTree = "<group>"; };
		049B30561DE5360600B7358A /* ViewController.m */ = {isa = PBXFileReference; fileEncoding = 4; lastKnownFileType = sourcecode.c.objc; path = ViewController.m; sourceTree = "<group>"; };
/* End PBXFileReference section */

/* Begin PBXFrameworksBuildPhase section */
		049B30361DE535DA00B7358A /* Frameworks */ = {
			isa = PBXFrameworksBuildPhase;
			buildActionMask = 2147483647;
			files = (
			);
			runOnlyForDeploymentPostprocessing = 0;
		};
/* End PBXFrameworksBuildPhase section */

/* Begin PBXGroup section */
		049B30301DE535DA00B7358A = {
			isa = PBXGroup;
			children = (
				049B303B1DE535DA00B7358A /* 获取图片信息 */,
				049B303A1DE535DA00B7358A /* Products */,
			);
			sourceTree = "<group>";
		};
		049B303A1DE535DA00B7358A /* Products */ = {
			isa = PBXGroup;
			children = (
				049B30391DE535DA00B7358A /* 获取图片信息.app */,
			);
			name = Products;
			sourceTree = "<group>";
		};
		049B303B1DE535DA00B7358A /* 获取图片信息 */ = {
			isa = PBXGroup;
			children = (
				049B303F1DE535DA00B7358A /* AppDelegate.h */,
				049B30401DE535DA00B7358A /* AppDelegate.m */,
				049B30551DE5360600B7358A /* ViewController.h */,
				049B30561DE5360600B7358A /* ViewController.m */,
				049B30451DE535DA00B7358A /* Main.storyboard */,
				049B30481DE535DA00B7358A /* Assets.xcassets */,
				049B30531DE535F300B7358A /* Info.plist */,
				049B304A1DE535DA00B7358A /* LaunchScreen.storyboard */,
				049B303C1DE535DA00B7358A /* Supporting Files */,
			);
			path = "获取图片信息";
			sourceTree = "<group>";
		};
		049B303C1DE535DA00B7358A /* Supporting Files */ = {
			isa = PBXGroup;
			children = (
				049B303D1DE535DA00B7358A /* main.m */,
			);
			name = "Supporting Files";
			sourceTree = "<group>";
		};
/* End PBXGroup section */

/* Begin PBXNativeTarget section */
		049B30381DE535DA00B7358A /* 获取图片信息 */ = {
			isa = PBXNativeTarget;
			buildConfigurationList = 049B30501DE535DA00B7358A /* Build configuration list for PBXNativeTarget "获取图片信息" */;
			buildPhases = (
				049B30351DE535DA00B7358A /* Sources */,
				049B30361DE535DA00B7358A /* Frameworks */,
				049B30371DE535DA00B7358A /* Resources */,
			);
			buildRules = (
			);
			dependencies = (
			);
			name = "获取图片信息";
			productName = "获取图片信息";
			productReference = 049B30391DE535DA00B7358A /* 获取图片信息.app */;
			productType = "com.apple.product-type.application";
		};
/* End PBXNativeTarget section */

/* Begin PBXProject section */
		049B30311DE535DA00B7358A /* Project object */ = {
			isa = PBXProject;
			attributes = {
				LastUpgradeCheck = 0810;
				ORGANIZATIONNAME = HBNXWLKJ;
				TargetAttributes = {
					049B30381DE535DA00B7358A = {
						CreatedOnToolsVersion = 8.1;
						ProvisioningStyle = Automatic;
					};
				};
			};
			buildConfigurationList = 049B30341DE535DA00B7358A /* Build configuration list for PBXProject "获取图片信息" */;
			compatibilityVersion = "Xcode 3.2";
			developmentRegion = English;
			hasScannedForEncodings = 0;
			knownRegions = (
				en,
				Base,
			);
			mainGroup = 049B30301DE535DA00B7358A;
			productRefGroup = 049B303A1DE535DA00B7358A /* Products */;
			projectDirPath = "";
			projectRoot = "";
			targets = (
				049B30381DE535DA00B7358A /* 获取图片信息 */,
			);
		};
/* End PBXProject section */

/* Begin PBXResourcesBuildPhase section */
		049B30371DE535DA00B7358A /* Resources */ = {
			isa = PBXResourcesBuildPhase;
			buildActionMask = 2147483647;
			files = (
				049B30541DE535F300B7358A /* Info.plist in Resources */,
				049B304C1DE535DA00B7358A /* LaunchScreen.storyboard in Resources */,
				049B30491DE535DA00B7358A /* Assets.xcassets in Resources */,
				049B30471DE535DA00B7358A /* Main.storyboard in Resources */,
			);
			runOnlyForDeploymentPostprocessing = 0;
		};
/* End PBXResourcesBuildPhase section */

/* Begin PBXSourcesBuildPhase section */
		049B30351DE535DA00B7358A /* Sources */ = {
			isa = PBXSourcesBuildPhase;
			buildActionMask = 2147483647;
			files = (
				049B30571DE5360600B7358A /* ViewController.m in Sources */,
				049B30411DE535DA00B7358A /* AppDelegate.m in Sources */,
				049B303E1DE535DA00B7358A /* main.m in Sources */,
			);
			runOnlyForDeploymentPostprocessing = 0;
		};
/* End PBXSourcesBuildPhase section */

/* Begin PBXVariantGroup section */
		049B30451DE535DA00B7358A /* Main.storyboard */ = {
			isa = PBXVariantGroup;
			children = (
				049B30461DE535DA00B7358A /* Base */,
			);
			name = Main.storyboard;
			sourceTree = "<group>";
		};
		049B304A1DE535DA00B7358A /* LaunchScreen.storyboard */ = {
			isa = PBXVariantGroup;
			children = (
				049B304B1DE535DA00B7358A /* Base */,
			);
			name = LaunchScreen.storyboard;
			sourceTree = "<group>";
		};
/* End PBXVariantGroup section */

/* Begin XCBuildConfiguration section */
		049B304E1DE535DA00B7358A /* Debug */ = {
			isa = XCBuildConfiguration;
			buildSettings = {
				ALWAYS_SEARCH_USER_PATHS = NO;
				CLANG_ANALYZER_NONNULL = YES;
				CLANG_CXX_LANGUAGE_STANDARD = "gnu++0x";
				CLANG_CXX_LIBRARY = "libc++";
				CLANG_ENABLE_MODULES = YES;
				CLANG_ENABLE_OBJC_ARC = YES;
				CLANG_WARN_BOOL_CONVERSION = YES;
				CLANG_WARN_CONSTANT_CONVERSION = YES;
				CLANG_WARN_DIRECT_OBJC_ISA_USAGE = YES_ERROR;
				CLANG_WARN_DOCUMENTATION_COMMENTS = YES;
				CLANG_WARN_EMPTY_BODY = YES;
				CLANG_WARN_ENUM_CONVERSION = YES;
				CLANG_WARN_INFINITE_RECURSION = YES;
				CLANG_WARN_INT_CONVERSION = YES;
				CLANG_WARN_OBJC_ROOT_CLASS = YES_ERROR;
				CLANG_WARN_SUSPICIOUS_MOVES = YES;
				CLANG_WARN_UNREACHABLE_CODE = YES;
				CLANG_WARN__DUPLICATE_METHOD_MATCH = YES;
				"CODE_SIGN_IDENTITY[sdk=iphoneos*]" = "iPhone Developer";
				COPY_PHASE_STRIP = NO;
				DEBUG_INFORMATION_FORMAT = dwarf;
				ENABLE_STRICT_OBJC_MSGSEND = YES;
				ENABLE_TESTABILITY = YES;
				GCC_C_LANGUAGE_STANDARD = gnu99;
				GCC_DYNAMIC_NO_PIC = NO;
				GCC_NO_COMMON_BLOCKS = YES;
				GCC_OPTIMIZATION_LEVEL = 0;
				GCC_PREPROCESSOR_DEFINITIONS = (
					"DEBUG=1",
					"$(inherited)",
				);
				GCC_WARN_64_TO_32_BIT_CONVERSION = YES;
				GCC_WARN_ABOUT_RETURN_TYPE = YES_ERROR;
				GCC_WARN_UNDECLARED_SELECTOR = YES;
				GCC_WARN_UNINITIALIZED_AUTOS = YES_AGGRESSIVE;
				GCC_WARN_UNUSED_FUNCTION = YES;
				GCC_WARN_UNUSED_VARIABLE = YES;
				IPHONEOS_DEPLOYMENT_TARGET = 10.1;
				MTL_ENABLE_DEBUG_INFO = YES;
				ONLY_ACTIVE_ARCH = YES;
				SDKROOT = iphoneos;
			};
			name = Debug;
		};
		049B304F1DE535DA00B7358A /* Release */ = {
			isa = XCBuildConfiguration;
			buildSettings = {
				ALWAYS_SEARCH_USER_PATHS = NO;
				CLANG_ANALYZER_NONNULL = YES;
				CLANG_CXX_LANGUAGE_STANDARD = "gnu++0x";
				CLANG_CXX_LIBRARY = "libc++";
				CLANG_ENABLE_MODULES = YES;
				CLANG_ENABLE_OBJC_ARC = YES;
				CLANG_WARN_BOOL_CONVERSION = YES;
				CLANG_WARN_CONSTANT_CONVERSION = YES;
				CLANG_WARN_DIRECT_OBJC_ISA_USAGE = YES_ERROR;
				CLANG_WARN_DOCUMENTATION_COMMENTS = YES;
				CLANG_WARN_EMPTY_BODY = YES;
				CLANG_WARN_ENUM_CONVERSION = YES;
				CLANG_WARN_INFINITE_RECURSION = YES;
				CLANG_WARN_INT_CONVERSION = YES;
				CLANG_WARN_OBJC_ROOT_CLASS = YES_ERROR;
				CLANG_WARN_SUSPICIOUS_MOVES = YES;
				CLANG_WARN_UNREACHABLE_CODE = YES;
				CLANG_WARN__DUPLICATE_METHOD_MATCH = YES;
				"CODE_SIGN_IDENTITY[sdk=iphoneos*]" = "iPhone Developer";
				COPY_PHASE_STRIP = NO;
				DEBUG_INFORMATION_FORMAT = "dwarf-with-dsym";
				ENABLE_NS_ASSERTIONS = NO;
				ENABLE_STRICT_OBJC_MSGSEND = YES;
				GCC_C_LANGUAGE_STANDARD = gnu99;
				GCC_NO_COMMON_BLOCKS = YES;
				GCC_WARN_64_TO_32_BIT_CONVERSION = YES;
				GCC_WARN_ABOUT_RETURN_TYPE = YES_ERROR;
				GCC_WARN_UNDECLARED_SELECTOR = YES;
				GCC_WARN_UNINITIALIZED_AUTOS = YES_AGGRESSIVE;
				GCC_WARN_UNUSED_FUNCTION = YES;
				GCC_WARN_UNUSED_VARIABLE = YES;
				IPHONEOS_DEPLOYMENT_TARGET = 10.1;
				MTL_ENABLE_DEBUG_INFO = NO;
				SDKROOT = iphoneos;
				VALIDATE_PRODUCT = YES;
			};
			name = Release;
		};
		049B30511DE535DA00B7358A /* Debug */ = {
			isa = XCBuildConfiguration;
			buildSettings = {
				ASSETCATALOG_COMPILER_APPICON_NAME = AppIcon;
				INFOPLIST_FILE = "获取图片信息/Info.plist";
				LD_RUNPATH_SEARCH_PATHS = "$(inherited) @executable_path/Frameworks";
				PRODUCT_BUNDLE_IDENTIFIER = "com.HBNXWLKJ.------";
				PRODUCT_NAME = "$(TARGET_NAME)";
			};
			name = Debug;
		};
		049B30521DE535DA00B7358A /* Release */ = {
			isa = XCBuildConfiguration;
			buildSettings = {
				ASSETCATALOG_COMPILER_APPICON_NAME = AppIcon;
				INFOPLIST_FILE = "获取图片信息/Info.plist";
				LD_RUNPATH_SEARCH_PATHS = "$(inherited) @executable_path/Frameworks";
				PRODUCT_BUNDLE_IDENTIFIER = "com.HBNXWLKJ.------";
				PRODUCT_NAME = "$(TARGET_NAME)";
			};
			name = Release;
		};
/* End XCBuildConfiguration section */

/* Begin XCConfigurationList section */
		049B30341DE535DA00B7358A /* Build configuration list for PBXProject "获取图片信息" */ = {
			isa = XCConfigurationList;
			buildConfigurations = (
				049B304E1DE535DA00B7358A /* Debug */,
				049B304F1DE535DA00B7358A /* Release */,
			);
			defaultConfigurationIsVisible = 0;
			defaultConfigurationName = Release;
		};
		049B30501DE535DA00B7358A /* Build configuration list for PBXNativeTarget "获取图片信息" */ = {
			isa = XCConfigurationList;
			buildConfigurations = (
				049B30511DE535DA00B7358A /* Debug */,
				049B30521DE535DA00B7358A /* Release */,
			);
			defaultConfigurationIsVisible = 0;
		};
/* End XCConfigurationList section */
	};
	rootObject = 049B30311DE535DA00B7358A /* Project object */;
}
