// !$*UTF8*$!
{
	archiveVersion = 1;
	classes = {
	};
	objectVersion = 46;
	objects = {

/* Begin PBXBuildFile section */
		040A41A01E30462D0093C89B /* ZJEarlyWarningController.m in Sources */ = {isa = PBXBuildFile; fileRef = 040A419F1E30462D0093C89B /* ZJEarlyWarningController.m */; };
		040A41A41E304C200093C89B /* ZJGreenhouseWarningController.m in Sources */ = {isa = PBXBuildFile; fileRef = 040A41A31E304C200093C89B /* ZJGreenhouseWarningController.m */; };
		040A41A71E30A6DC0093C89B /* UIViewController+ZJSetTitile.m in Sources */ = {isa = PBXBuildFile; fileRef = 040A41A61E30A6DC0093C89B /* UIViewController+ZJSetTitile.m */; };
		042A52AD1E5A866A0044641E /* ZJlineChartController.m in Sources */ = {isa = PBXBuildFile; fileRef = 042A52AB1E5A866A0044641E /* ZJlineChartController.m */; };
		042A52AE1E5A866A0044641E /* ZJlineChartController.xib in Resources */ = {isa = PBXBuildFile; fileRef = 042A52AC1E5A866A0044641E /* ZJlineChartController.xib */; };
		042A52B21E5AA0AB0044641E /* ZJLineChartCell.m in Sources */ = {isa = PBXBuildFile; fileRef = 042A52B01E5AA0AB0044641E /* ZJLineChartCell.m */; };
		042A52B31E5AA0AB0044641E /* ZJLineChartCell.xib in Resources */ = {isa = PBXBuildFile; fileRef = 042A52B11E5AA0AB0044641E /* ZJLineChartCell.xib */; };
		042A52BC1E5ADBA90044641E /* MapKit.framework in Frameworks */ = {isa = PBXBuildFile; fileRef = 042A52BB1E5ADBA90044641E /* MapKit.framework */; };
		04305EA51E5BCEE600913B39 /* ZJControlViewCell.m in Sources */ = {isa = PBXBuildFile; fileRef = 04305EA31E5BCEE600913B39 /* ZJControlViewCell.m */; };
		04305EA61E5BCEE600913B39 /* ZJControlViewCell.xib in Resources */ = {isa = PBXBuildFile; fileRef = 04305EA41E5BCEE600913B39 /* ZJControlViewCell.xib */; };
		04305EA81E5BE62B00913B39 /* zoom.xib in Resources */ = {isa = PBXBuildFile; fileRef = 04305EA71E5BE62B00913B39 /* zoom.xib */; };
		0453A0F31E5E8D890034A205 /* ZJPavilion.m in Sources */ = {isa = PBXBuildFile; fileRef = 0453A0F21E5E8D890034A205 /* ZJPavilion.m */; };
		0453A0F51E5ED09D0034A205 /* Foundation+Log.m in Sources */ = {isa = PBXBuildFile; fileRef = 0453A0F41E5ED09D0034A205 /* Foundation+Log.m */; };
		0453A0F81E5FD6B70034A205 /* ZJLabel.m in Sources */ = {isa = PBXBuildFile; fileRef = 0453A0F71E5FD6B70034A205 /* ZJLabel.m */; };
		0453A0FB1E5FDCBB0034A205 /* ZJImage.m in Sources */ = {isa = PBXBuildFile; fileRef = 0453A0FA1E5FDCBB0034A205 /* ZJImage.m */; };
		0453A1201E60277D0034A205 /* ZJDisplayController.xib in Resources */ = {isa = PBXBuildFile; fileRef = 0453A11F1E60277D0034A205 /* ZJDisplayController.xib */; };
		046068F91E4C0D7600D9D6F0 /* ZJMemberCenterViewController.m in Sources */ = {isa = PBXBuildFile; fileRef = 046068F81E4C0D7600D9D6F0 /* ZJMemberCenterViewController.m */; };
		046068FC1E4C1CC400D9D6F0 /* ZJRootViewController.m in Sources */ = {isa = PBXBuildFile; fileRef = 046068FB1E4C1CC400D9D6F0 /* ZJRootViewController.m */; };
		046068FF1E4C1CF400D9D6F0 /* ZJRootTableViewController.m in Sources */ = {isa = PBXBuildFile; fileRef = 046068FE1E4C1CF400D9D6F0 /* ZJRootTableViewController.m */; };
		046069031E4C4AB200D9D6F0 /* ZJNoticeViewController.m in Sources */ = {isa = PBXBuildFile; fileRef = 046069021E4C4AB200D9D6F0 /* ZJNoticeViewController.m */; };
		046069061E4C50F800D9D6F0 /* UIBarButtonItem+ZJButtonItem.m in Sources */ = {isa = PBXBuildFile; fileRef = 046069051E4C50F800D9D6F0 /* UIBarButtonItem+ZJButtonItem.m */; };
		046069111E4C6A7C00D9D6F0 /* SVIndefiniteAnimatedView.m in Sources */ = {isa = PBXBuildFile; fileRef = 046069091E4C6A7C00D9D6F0 /* SVIndefiniteAnimatedView.m */; };
		046069121E4C6A7C00D9D6F0 /* SVProgressAnimatedView.m in Sources */ = {isa = PBXBuildFile; fileRef = 0460690B1E4C6A7C00D9D6F0 /* SVProgressAnimatedView.m */; };
		046069131E4C6A7C00D9D6F0 /* SVProgressHUD.bundle in Resources */ = {isa = PBXBuildFile; fileRef = 0460690C1E4C6A7C00D9D6F0 /* SVProgressHUD.bundle */; };
		046069141E4C6A7C00D9D6F0 /* SVProgressHUD.m in Sources */ = {isa = PBXBuildFile; fileRef = 0460690E1E4C6A7C00D9D6F0 /* SVProgressHUD.m */; };
		046069151E4C6A7C00D9D6F0 /* SVRadialGradientLayer.m in Sources */ = {isa = PBXBuildFile; fileRef = 046069101E4C6A7C00D9D6F0 /* SVRadialGradientLayer.m */; };
		0460691A1E4C6ACE00D9D6F0 /* NXHFeedbackController.m in Sources */ = {isa = PBXBuildFile; fileRef = 046069181E4C6ACE00D9D6F0 /* NXHFeedbackController.m */; };
		0460691B1E4C6ACE00D9D6F0 /* NXHFeedbackController.xib in Resources */ = {isa = PBXBuildFile; fileRef = 046069191E4C6ACE00D9D6F0 /* NXHFeedbackController.xib */; };
		046D589F1E2F0FCF00717EEF /* ZJLoginController.m in Sources */ = {isa = PBXBuildFile; fileRef = 046D589E1E2F0FCF00717EEF /* ZJLoginController.m */; };
		046D58A21E2F3B4D00717EEF /* ZJTextField.m in Sources */ = {isa = PBXBuildFile; fileRef = 046D58A11E2F3B4D00717EEF /* ZJTextField.m */; };
		046D58A41E2F4E7800717EEF /* Foundation+Log.m in Sources */ = {isa = PBXBuildFile; fileRef = 046D58A31E2F4E7800717EEF /* Foundation+Log.m */; };
		046D58A71E2F51C400717EEF /* ZJObject.m in Sources */ = {isa = PBXBuildFile; fileRef = 046D58A61E2F51C400717EEF /* ZJObject.m */; };
		046D58AB1E2F5CC500717EEF /* ZJMeController.m in Sources */ = {isa = PBXBuildFile; fileRef = 046D58AA1E2F5CC500717EEF /* ZJMeController.m */; };
		0479699D1E2C6577002052D4 /* ZJDisplayController.m in Sources */ = {isa = PBXBuildFile; fileRef = 0479699C1E2C6577002052D4 /* ZJDisplayController.m */; };
		047969A01E2C6870002052D4 /* ZJUnlimitedCarousel.m in Sources */ = {isa = PBXBuildFile; fileRef = 0479699F1E2C6870002052D4 /* ZJUnlimitedCarousel.m */; };
		047969A61E2C73F4002052D4 /* XRCarouselView.m in Sources */ = {isa = PBXBuildFile; fileRef = 047969A41E2C73F4002052D4 /* XRCarouselView.m */; };
		047969A71E2C73F4002052D4 /* XRPlaceholder.png in Resources */ = {isa = PBXBuildFile; fileRef = 047969A51E2C73F4002052D4 /* XRPlaceholder.png */; };
		047969AB1E2DBC22002052D4 /* ZJAboutUsController.m in Sources */ = {isa = PBXBuildFile; fileRef = 047969AA1E2DBC22002052D4 /* ZJAboutUsController.m */; };
		047969B61E2DFA85002052D4 /* ZJSenceController.m in Sources */ = {isa = PBXBuildFile; fileRef = 047969B51E2DFA85002052D4 /* ZJSenceController.m */; };
		047969BF1E2E1207002052D4 /* ZJSenceCell.m in Sources */ = {isa = PBXBuildFile; fileRef = 047969BD1E2E1207002052D4 /* ZJSenceCell.m */; };
		047969C01E2E1207002052D4 /* ZJSenceCell.xib in Resources */ = {isa = PBXBuildFile; fileRef = 047969BE1E2E1207002052D4 /* ZJSenceCell.xib */; };
		047969C41E2E23EC002052D4 /* ZJControlEquipmentController.m in Sources */ = {isa = PBXBuildFile; fileRef = 047969C31E2E23EC002052D4 /* ZJControlEquipmentController.m */; };
		047969CF1E2EEF0B002052D4 /* ZJMemberIntroduceController.m in Sources */ = {isa = PBXBuildFile; fileRef = 047969CD1E2EEF0B002052D4 /* ZJMemberIntroduceController.m */; };
		047969D01E2EEF0B002052D4 /* ZJMemberIntroduceController.xib in Resources */ = {isa = PBXBuildFile; fileRef = 047969CE1E2EEF0B002052D4 /* ZJMemberIntroduceController.xib */; };
		047CE1B31E277F21005B74EB /* main.m in Sources */ = {isa = PBXBuildFile; fileRef = 047CE1B21E277F21005B74EB /* main.m */; };
		047CE1B61E277F21005B74EB /* AppDelegate.m in Sources */ = {isa = PBXBuildFile; fileRef = 047CE1B51E277F21005B74EB /* AppDelegate.m */; };
		047CE1BC1E277F21005B74EB /* Main.storyboard in Resources */ = {isa = PBXBuildFile; fileRef = 047CE1BA1E277F21005B74EB /* Main.storyboard */; };
		047CE1BE1E277F21005B74EB /* Assets.xcassets in Resources */ = {isa = PBXBuildFile; fileRef = 047CE1BD1E277F21005B74EB /* Assets.xcassets */; };
		047CE1C11E277F21005B74EB /* LaunchScreen.storyboard in Resources */ = {isa = PBXBuildFile; fileRef = 047CE1BF1E277F21005B74EB /* LaunchScreen.storyboard */; };
		047CE1CA1E278287005B74EB /* ZJPrivilegeController.xib in Resources */ = {isa = PBXBuildFile; fileRef = 047CE1C91E278287005B74EB /* ZJPrivilegeController.xib */; };
		047CE1CE1E278CD3005B74EB /* ZJPrivilegeController.m in Sources */ = {isa = PBXBuildFile; fileRef = 047CE1CD1E278CD3005B74EB /* ZJPrivilegeController.m */; };
		047CE1D11E27A7D9005B74EB /* ZJNaviController.m in Sources */ = {isa = PBXBuildFile; fileRef = 047CE1D01E27A7D9005B74EB /* ZJNaviController.m */; };
		047CE1D51E288129005B74EB /* ZJVerButton.m in Sources */ = {isa = PBXBuildFile; fileRef = 047CE1D41E288129005B74EB /* ZJVerButton.m */; };
		047CE1DB1E288276005B74EB /* UIView+ZJExtension.m in Sources */ = {isa = PBXBuildFile; fileRef = 047CE1DA1E288276005B74EB /* UIView+ZJExtension.m */; };
		047CE1DF1E289955005B74EB /* UIColor+ZJRGBColor.m in Sources */ = {isa = PBXBuildFile; fileRef = 047CE1DE1E289955005B74EB /* UIColor+ZJRGBColor.m */; };
		049A06FC1E48195700934622 /* ZJTableViewController.m in Sources */ = {isa = PBXBuildFile; fileRef = 049A06FB1E48195700934622 /* ZJTableViewController.m */; };
		049A06FE1E48337700934622 /* ZJTableViewController.xib in Resources */ = {isa = PBXBuildFile; fileRef = 049A06FD1E48337700934622 /* ZJTableViewController.xib */; };
		049A07021E485A7700934622 /* ZJMapController.m in Sources */ = {isa = PBXBuildFile; fileRef = 049A07011E485A7700934622 /* ZJMapController.m */; };
		049A07051E489F3B00934622 /* NSDate+XMGExtension.m in Sources */ = {isa = PBXBuildFile; fileRef = 049A07041E489F3B00934622 /* NSDate+XMGExtension.m */; };
		049C39231E49B4C90067C02F /* NSString+ZJDeviceModelName.m in Sources */ = {isa = PBXBuildFile; fileRef = 049C39221E49B4C90067C02F /* NSString+ZJDeviceModelName.m */; };
		049C39271E4AC21F0067C02F /* PopView.xib in Resources */ = {isa = PBXBuildFile; fileRef = 049C39261E4AC21F0067C02F /* PopView.xib */; };
		049C392A1E4AC2560067C02F /* ZJPopView.m in Sources */ = {isa = PBXBuildFile; fileRef = 049C39291E4AC2560067C02F /* ZJPopView.m */; };
		04C9ECF31E56EB1100D90AED /* ZJUser.m in Sources */ = {isa = PBXBuildFile; fileRef = 04C9ECF21E56EB1100D90AED /* ZJUser.m */; };
		ED387CB6DFB1B7F3631976F3 /* libPods-农展物联网.a in Frameworks */ = {isa = PBXBuildFile; fileRef = 009E315EB784EF99752C87E3 /* libPods-农展物联网.a */; };
/* End PBXBuildFile section */

/* Begin PBXFileReference section */
		009E315EB784EF99752C87E3 /* libPods-农展物联网.a */ = {isa = PBXFileReference; explicitFileType = archive.ar; includeInIndex = 0; path = "libPods-农展物联网.a"; sourceTree = BUILT_PRODUCTS_DIR; };
		04094E1E1E5ADC3F00011AF0 /* 农展物联网.entitlements */ = {isa = PBXFileReference; lastKnownFileType = text.plist.entitlements; path = "农展物联网.entitlements"; sourceTree = "<group>"; };
		040A419E1E30462D0093C89B /* ZJEarlyWarningController.h */ = {isa = PBXFileReference; fileEncoding = 4; lastKnownFileType = sourcecode.c.h; path = ZJEarlyWarningController.h; sourceTree = "<group>"; };
		040A419F1E30462D0093C89B /* ZJEarlyWarningController.m */ = {isa = PBXFileReference; fileEncoding = 4; lastKnownFileType = sourcecode.c.objc; path = ZJEarlyWarningController.m; sourceTree = "<group>"; };
		040A41A21E304C200093C89B /* ZJGreenhouseWarningController.h */ = {isa = PBXFileReference; fileEncoding = 4; lastKnownFileType = sourcecode.c.h; path = ZJGreenhouseWarningController.h; sourceTree = "<group>"; };
		040A41A31E304C200093C89B /* ZJGreenhouseWarningController.m */ = {isa = PBXFileReference; fileEncoding = 4; lastKnownFileType = sourcecode.c.objc; path = ZJGreenhouseWarningController.m; sourceTree = "<group>"; };
		040A41A51E30A6DC0093C89B /* UIViewController+ZJSetTitile.h */ = {isa = PBXFileReference; fileEncoding = 4; lastKnownFileType = sourcecode.c.h; path = "UIViewController+ZJSetTitile.h"; sourceTree = "<group>"; };
		040A41A61E30A6DC0093C89B /* UIViewController+ZJSetTitile.m */ = {isa = PBXFileReference; fileEncoding = 4; lastKnownFileType = sourcecode.c.objc; path = "UIViewController+ZJSetTitile.m"; sourceTree = "<group>"; };
		042A52AA1E5A866A0044641E /* ZJlineChartController.h */ = {isa = PBXFileReference; fileEncoding = 4; lastKnownFileType = sourcecode.c.h; path = ZJlineChartController.h; sourceTree = "<group>"; };
		042A52AB1E5A866A0044641E /* ZJlineChartController.m */ = {isa = PBXFileReference; fileEncoding = 4; lastKnownFileType = sourcecode.c.objc; path = ZJlineChartController.m; sourceTree = "<group>"; };
		042A52AC1E5A866A0044641E /* ZJlineChartController.xib */ = {isa = PBXFileReference; fileEncoding = 4; lastKnownFileType = file.xib; path = ZJlineChartController.xib; sourceTree = "<group>"; };
		042A52AF1E5AA0AB0044641E /* ZJLineChartCell.h */ = {isa = PBXFileReference; fileEncoding = 4; lastKnownFileType = sourcecode.c.h; path = ZJLineChartCell.h; sourceTree = "<group>"; };
		042A52B01E5AA0AB0044641E /* ZJLineChartCell.m */ = {isa = PBXFileReference; fileEncoding = 4; lastKnownFileType = sourcecode.c.objc; path = ZJLineChartCell.m; sourceTree = "<group>"; };
		042A52B11E5AA0AB0044641E /* ZJLineChartCell.xib */ = {isa = PBXFileReference; fileEncoding = 4; lastKnownFileType = file.xib; path = ZJLineChartCell.xib; sourceTree = "<group>"; };
		042A52BB1E5ADBA90044641E /* MapKit.framework */ = {isa = PBXFileReference; lastKnownFileType = wrapper.framework; name = MapKit.framework; path = System/Library/Frameworks/MapKit.framework; sourceTree = SDKROOT; };
		04305EA21E5BCEE600913B39 /* ZJControlViewCell.h */ = {isa = PBXFileReference; fileEncoding = 4; lastKnownFileType = sourcecode.c.h; path = ZJControlViewCell.h; sourceTree = "<group>"; };
		04305EA31E5BCEE600913B39 /* ZJControlViewCell.m */ = {isa = PBXFileReference; fileEncoding = 4; lastKnownFileType = sourcecode.c.objc; path = ZJControlViewCell.m; sourceTree = "<group>"; };
		04305EA41E5BCEE600913B39 /* ZJControlViewCell.xib */ = {isa = PBXFileReference; fileEncoding = 4; lastKnownFileType = file.xib; path = ZJControlViewCell.xib; sourceTree = "<group>"; };
		04305EA71E5BE62B00913B39 /* zoom.xib */ = {isa = PBXFileReference; fileEncoding = 4; lastKnownFileType = file.xib; path = zoom.xib; sourceTree = "<group>"; };
		0453A0F11E5E8D890034A205 /* ZJPavilion.h */ = {isa = PBXFileReference; fileEncoding = 4; lastKnownFileType = sourcecode.c.h; path = ZJPavilion.h; sourceTree = "<group>"; };
		0453A0F21E5E8D890034A205 /* ZJPavilion.m */ = {isa = PBXFileReference; fileEncoding = 4; lastKnownFileType = sourcecode.c.objc; path = ZJPavilion.m; sourceTree = "<group>"; };
		0453A0F41E5ED09D0034A205 /* Foundation+Log.m */ = {isa = PBXFileReference; fileEncoding = 4; lastKnownFileType = sourcecode.c.objc; path = "Foundation+Log.m"; sourceTree = "<group>"; };
		0453A0F61E5FD6B70034A205 /* ZJLabel.h */ = {isa = PBXFileReference; fileEncoding = 4; lastKnownFileType = sourcecode.c.h; path = ZJLabel.h; sourceTree = "<group>"; };
		0453A0F71E5FD6B70034A205 /* ZJLabel.m */ = {isa = PBXFileReference; fileEncoding = 4; lastKnownFileType = sourcecode.c.objc; path = ZJLabel.m; sourceTree = "<group>"; };
		0453A0F91E5FDCBB0034A205 /* ZJImage.h */ = {isa = PBXFileReference; fileEncoding = 4; lastKnownFileType = sourcecode.c.h; path = ZJImage.h; sourceTree = "<group>"; };
		0453A0FA1E5FDCBB0034A205 /* ZJImage.m */ = {isa = PBXFileReference; fileEncoding = 4; lastKnownFileType = sourcecode.c.objc; path = ZJImage.m; sourceTree = "<group>"; };
		0453A11F1E60277D0034A205 /* ZJDisplayController.xib */ = {isa = PBXFileReference; fileEncoding = 4; lastKnownFileType = file.xib; path = ZJDisplayController.xib; sourceTree = "<group>"; };
		046068F71E4C0D7600D9D6F0 /* ZJMemberCenterViewController.h */ = {isa = PBXFileReference; fileEncoding = 4; lastKnownFileType = sourcecode.c.h; path = ZJMemberCenterViewController.h; sourceTree = "<group>"; };
		046068F81E4C0D7600D9D6F0 /* ZJMemberCenterViewController.m */ = {isa = PBXFileReference; fileEncoding = 4; lastKnownFileType = sourcecode.c.objc; path = ZJMemberCenterViewController.m; sourceTree = "<group>"; };
		046068FA1E4C1CC400D9D6F0 /* ZJRootViewController.h */ = {isa = PBXFileReference; fileEncoding = 4; lastKnownFileType = sourcecode.c.h; path = ZJRootViewController.h; sourceTree = "<group>"; };
		046068FB1E4C1CC400D9D6F0 /* ZJRootViewController.m */ = {isa = PBXFileReference; fileEncoding = 4; lastKnownFileType = sourcecode.c.objc; path = ZJRootViewController.m; sourceTree = "<group>"; };
		046068FD1E4C1CF400D9D6F0 /* ZJRootTableViewController.h */ = {isa = PBXFileReference; fileEncoding = 4; lastKnownFileType = sourcecode.c.h; path = ZJRootTableViewController.h; sourceTree = "<group>"; };
		046068FE1E4C1CF400D9D6F0 /* ZJRootTableViewController.m */ = {isa = PBXFileReference; fileEncoding = 4; lastKnownFileType = sourcecode.c.objc; path = ZJRootTableViewController.m; sourceTree = "<group>"; };
		046069011E4C4AB200D9D6F0 /* ZJNoticeViewController.h */ = {isa = PBXFileReference; fileEncoding = 4; lastKnownFileType = sourcecode.c.h; path = ZJNoticeViewController.h; sourceTree = "<group>"; };
		046069021E4C4AB200D9D6F0 /* ZJNoticeViewController.m */ = {isa = PBXFileReference; fileEncoding = 4; lastKnownFileType = sourcecode.c.objc; path = ZJNoticeViewController.m; sourceTree = "<group>"; };
		046069041E4C50F800D9D6F0 /* UIBarButtonItem+ZJButtonItem.h */ = {isa = PBXFileReference; fileEncoding = 4; lastKnownFileType = sourcecode.c.h; path = "UIBarButtonItem+ZJButtonItem.h"; sourceTree = "<group>"; };
		046069051E4C50F800D9D6F0 /* UIBarButtonItem+ZJButtonItem.m */ = {isa = PBXFileReference; fileEncoding = 4; lastKnownFileType = sourcecode.c.objc; path = "UIBarButtonItem+ZJButtonItem.m"; sourceTree = "<group>"; };
		046069081E4C6A7C00D9D6F0 /* SVIndefiniteAnimatedView.h */ = {isa = PBXFileReference; fileEncoding = 4; lastKnownFileType = sourcecode.c.h; path = SVIndefiniteAnimatedView.h; sourceTree = "<group>"; };
		046069091E4C6A7C00D9D6F0 /* SVIndefiniteAnimatedView.m */ = {isa = PBXFileReference; fileEncoding = 4; lastKnownFileType = sourcecode.c.objc; path = SVIndefiniteAnimatedView.m; sourceTree = "<group>"; };
		0460690A1E4C6A7C00D9D6F0 /* SVProgressAnimatedView.h */ = {isa = PBXFileReference; fileEncoding = 4; lastKnownFileType = sourcecode.c.h; path = SVProgressAnimatedView.h; sourceTree = "<group>"; };
		0460690B1E4C6A7C00D9D6F0 /* SVProgressAnimatedView.m */ = {isa = PBXFileReference; fileEncoding = 4; lastKnownFileType = sourcecode.c.objc; path = SVProgressAnimatedView.m; sourceTree = "<group>"; };
		0460690C1E4C6A7C00D9D6F0 /* SVProgressHUD.bundle */ = {isa = PBXFileReference; lastKnownFileType = "wrapper.plug-in"; path = SVProgressHUD.bundle; sourceTree = "<group>"; };
		0460690D1E4C6A7C00D9D6F0 /* SVProgressHUD.h */ = {isa = PBXFileReference; fileEncoding = 4; lastKnownFileType = sourcecode.c.h; path = SVProgressHUD.h; sourceTree = "<group>"; };
		0460690E1E4C6A7C00D9D6F0 /* SVProgressHUD.m */ = {isa = PBXFileReference; fileEncoding = 4; lastKnownFileType = sourcecode.c.objc; path = SVProgressHUD.m; sourceTree = "<group>"; };
		0460690F1E4C6A7C00D9D6F0 /* SVRadialGradientLayer.h */ = {isa = PBXFileReference; fileEncoding = 4; lastKnownFileType = sourcecode.c.h; path = SVRadialGradientLayer.h; sourceTree = "<group>"; };
		046069101E4C6A7C00D9D6F0 /* SVRadialGradientLayer.m */ = {isa = PBXFileReference; fileEncoding = 4; lastKnownFileType = sourcecode.c.objc; path = SVRadialGradientLayer.m; sourceTree = "<group>"; };
		046069171E4C6ACE00D9D6F0 /* NXHFeedbackController.h */ = {isa = PBXFileReference; fileEncoding = 4; lastKnownFileType = sourcecode.c.h; path = NXHFeedbackController.h; sourceTree = "<group>"; };
		046069181E4C6ACE00D9D6F0 /* NXHFeedbackController.m */ = {isa = PBXFileReference; fileEncoding = 4; lastKnownFileType = sourcecode.c.objc; path = NXHFeedbackController.m; sourceTree = "<group>"; };
		046069191E4C6ACE00D9D6F0 /* NXHFeedbackController.xib */ = {isa = PBXFileReference; fileEncoding = 4; lastKnownFileType = file.xib; path = NXHFeedbackController.xib; sourceTree = "<group>"; };
		046D589D1E2F0FCF00717EEF /* ZJLoginController.h */ = {isa = PBXFileReference; fileEncoding = 4; lastKnownFileType = sourcecode.c.h; path = ZJLoginController.h; sourceTree = "<group>"; };
		046D589E1E2F0FCF00717EEF /* ZJLoginController.m */ = {isa = PBXFileReference; fileEncoding = 4; lastKnownFileType = sourcecode.c.objc; path = ZJLoginController.m; sourceTree = "<group>"; };
		046D58A01E2F3B4D00717EEF /* ZJTextField.h */ = {isa = PBXFileReference; fileEncoding = 4; lastKnownFileType = sourcecode.c.h; path = ZJTextField.h; sourceTree = "<group>"; };
		046D58A11E2F3B4D00717EEF /* ZJTextField.m */ = {isa = PBXFileReference; fileEncoding = 4; lastKnownFileType = sourcecode.c.objc; path = ZJTextField.m; sourceTree = "<group>"; };
		046D58A31E2F4E7800717EEF /* Foundation+Log.m */ = {isa = PBXFileReference; fileEncoding = 4; lastKnownFileType = sourcecode.c.objc; path = "Foundation+Log.m"; sourceTree = "<group>"; };
		046D58A51E2F51C400717EEF /* ZJObject.h */ = {isa = PBXFileReference; fileEncoding = 4; lastKnownFileType = sourcecode.c.h; path = ZJObject.h; sourceTree = "<group>"; };
		046D58A61E2F51C400717EEF /* ZJObject.m */ = {isa = PBXFileReference; fileEncoding = 4; lastKnownFileType = sourcecode.c.objc; path = ZJObject.m; sourceTree = "<group>"; };
		046D58A91E2F5CC500717EEF /* ZJMeController.h */ = {isa = PBXFileReference; fileEncoding = 4; lastKnownFileType = sourcecode.c.h; path = ZJMeController.h; sourceTree = "<group>"; };
		046D58AA1E2F5CC500717EEF /* ZJMeController.m */ = {isa = PBXFileReference; fileEncoding = 4; lastKnownFileType = sourcecode.c.objc; path = ZJMeController.m; sourceTree = "<group>"; };
		0479699B1E2C6577002052D4 /* ZJDisplayController.h */ = {isa = PBXFileReference; fileEncoding = 4; lastKnownFileType = sourcecode.c.h; path = ZJDisplayController.h; sourceTree = "<group>"; };
		0479699C1E2C6577002052D4 /* ZJDisplayController.m */ = {isa = PBXFileReference; fileEncoding = 4; lastKnownFileType = sourcecode.c.objc; path = ZJDisplayController.m; sourceTree = "<group>"; };
		0479699E1E2C6870002052D4 /* ZJUnlimitedCarousel.h */ = {isa = PBXFileReference; fileEncoding = 4; lastKnownFileType = sourcecode.c.h; path = ZJUnlimitedCarousel.h; sourceTree = "<group>"; };
		0479699F1E2C6870002052D4 /* ZJUnlimitedCarousel.m */ = {isa = PBXFileReference; fileEncoding = 4; lastKnownFileType = sourcecode.c.objc; path = ZJUnlimitedCarousel.m; sourceTree = "<group>"; };
		047969A31E2C73F4002052D4 /* XRCarouselView.h */ = {isa = PBXFileReference; fileEncoding = 4; lastKnownFileType = sourcecode.c.h; path = XRCarouselView.h; sourceTree = "<group>"; };
		047969A41E2C73F4002052D4 /* XRCarouselView.m */ = {isa = PBXFileReference; fileEncoding = 4; lastKnownFileType = sourcecode.c.objc; path = XRCarouselView.m; sourceTree = "<group>"; };
		047969A51E2C73F4002052D4 /* XRPlaceholder.png */ = {isa = PBXFileReference; lastKnownFileType = image.png; path = XRPlaceholder.png; sourceTree = "<group>"; };
		047969A91E2DBC22002052D4 /* ZJAboutUsController.h */ = {isa = PBXFileReference; fileEncoding = 4; lastKnownFileType = sourcecode.c.h; path = ZJAboutUsController.h; sourceTree = "<group>"; };
		047969AA1E2DBC22002052D4 /* ZJAboutUsController.m */ = {isa = PBXFileReference; fileEncoding = 4; lastKnownFileType = sourcecode.c.objc; path = ZJAboutUsController.m; sourceTree = "<group>"; };
		047969B41E2DFA85002052D4 /* ZJSenceController.h */ = {isa = PBXFileReference; fileEncoding = 4; lastKnownFileType = sourcecode.c.h; path = ZJSenceController.h; sourceTree = "<group>"; };
		047969B51E2DFA85002052D4 /* ZJSenceController.m */ = {isa = PBXFileReference; fileEncoding = 4; lastKnownFileType = sourcecode.c.objc; path = ZJSenceController.m; sourceTree = "<group>"; };
		047969BC1E2E1206002052D4 /* ZJSenceCell.h */ = {isa = PBXFileReference; fileEncoding = 4; lastKnownFileType = sourcecode.c.h; path = ZJSenceCell.h; sourceTree = "<group>"; };
		047969BD1E2E1207002052D4 /* ZJSenceCell.m */ = {isa = PBXFileReference; fileEncoding = 4; lastKnownFileType = sourcecode.c.objc; path = ZJSenceCell.m; sourceTree = "<group>"; };
		047969BE1E2E1207002052D4 /* ZJSenceCell.xib */ = {isa = PBXFileReference; fileEncoding = 4; lastKnownFileType = file.xib; path = ZJSenceCell.xib; sourceTree = "<group>"; };
		047969C21E2E23EC002052D4 /* ZJControlEquipmentController.h */ = {isa = PBXFileReference; fileEncoding = 4; lastKnownFileType = sourcecode.c.h; path = ZJControlEquipmentController.h; sourceTree = "<group>"; };
		047969C31E2E23EC002052D4 /* ZJControlEquipmentController.m */ = {isa = PBXFileReference; fileEncoding = 4; lastKnownFileType = sourcecode.c.objc; path = ZJControlEquipmentController.m; sourceTree = "<group>"; };
		047969CC1E2EEF0B002052D4 /* ZJMemberIntroduceController.h */ = {isa = PBXFileReference; fileEncoding = 4; lastKnownFileType = sourcecode.c.h; name = ZJMemberIntroduceController.h; path = ../ZJMemberIntroduceController.h; sourceTree = "<group>"; };
		047969CD1E2EEF0B002052D4 /* ZJMemberIntroduceController.m */ = {isa = PBXFileReference; fileEncoding = 4; lastKnownFileType = sourcecode.c.objc; name = ZJMemberIntroduceController.m; path = ../ZJMemberIntroduceController.m; sourceTree = "<group>"; };
		047969CE1E2EEF0B002052D4 /* ZJMemberIntroduceController.xib */ = {isa = PBXFileReference; fileEncoding = 4; lastKnownFileType = file.xib; name = ZJMemberIntroduceController.xib; path = ../ZJMemberIntroduceController.xib; sourceTree = "<group>"; };
		047CE1AE1E277F21005B74EB /* 农展物联网.app */ = {isa = PBXFileReference; explicitFileType = wrapper.application; includeInIndex = 0; path = "农展物联网.app"; sourceTree = BUILT_PRODUCTS_DIR; };
		047CE1B21E277F21005B74EB /* main.m */ = {isa = PBXFileReference; lastKnownFileType = sourcecode.c.objc; path = main.m; sourceTree = "<group>"; };
		047CE1B41E277F21005B74EB /* AppDelegate.h */ = {isa = PBXFileReference; lastKnownFileType = sourcecode.c.h; path = AppDelegate.h; sourceTree = "<group>"; };
		047CE1B51E277F21005B74EB /* AppDelegate.m */ = {isa = PBXFileReference; lastKnownFileType = sourcecode.c.objc; path = AppDelegate.m; sourceTree = "<group>"; };
		047CE1BB1E277F21005B74EB /* Base */ = {isa = PBXFileReference; lastKnownFileType = file.storyboard; name = Base; path = Base.lproj/Main.storyboard; sourceTree = "<group>"; };
		047CE1BD1E277F21005B74EB /* Assets.xcassets */ = {isa = PBXFileReference; lastKnownFileType = folder.assetcatalog; path = Assets.xcassets; sourceTree = "<group>"; };
		047CE1C01E277F21005B74EB /* Base */ = {isa = PBXFileReference; lastKnownFileType = file.storyboard; name = Base; path = Base.lproj/LaunchScreen.storyboard; sourceTree = "<group>"; };
		047CE1C21E277F21005B74EB /* Info.plist */ = {isa = PBXFileReference; lastKnownFileType = text.plist.xml; path = Info.plist; sourceTree = "<group>"; };
		047CE1C91E278287005B74EB /* ZJPrivilegeController.xib */ = {isa = PBXFileReference; fileEncoding = 4; lastKnownFileType = file.xib; path = ZJPrivilegeController.xib; sourceTree = "<group>"; };
		047CE1CC1E278CD3005B74EB /* ZJPrivilegeController.h */ = {isa = PBXFileReference; fileEncoding = 4; lastKnownFileType = sourcecode.c.h; path = ZJPrivilegeController.h; sourceTree = "<group>"; };
		047CE1CD1E278CD3005B74EB /* ZJPrivilegeController.m */ = {isa = PBXFileReference; fileEncoding = 4; lastKnownFileType = sourcecode.c.objc; path = ZJPrivilegeController.m; sourceTree = "<group>"; };
		047CE1CF1E27A7D9005B74EB /* ZJNaviController.h */ = {isa = PBXFileReference; fileEncoding = 4; lastKnownFileType = sourcecode.c.h; path = ZJNaviController.h; sourceTree = "<group>"; };
		047CE1D01E27A7D9005B74EB /* ZJNaviController.m */ = {isa = PBXFileReference; fileEncoding = 4; lastKnownFileType = sourcecode.c.objc; path = ZJNaviController.m; sourceTree = "<group>"; };
		047CE1D21E287610005B74EB /* PrefixHeader.pch */ = {isa = PBXFileReference; fileEncoding = 4; lastKnownFileType = sourcecode.c.h; path = PrefixHeader.pch; sourceTree = "<group>"; };
		047CE1D31E288129005B74EB /* ZJVerButton.h */ = {isa = PBXFileReference; fileEncoding = 4; lastKnownFileType = sourcecode.c.h; path = ZJVerButton.h; sourceTree = "<group>"; };
		047CE1D41E288129005B74EB /* ZJVerButton.m */ = {isa = PBXFileReference; fileEncoding = 4; lastKnownFileType = sourcecode.c.objc; path = ZJVerButton.m; sourceTree = "<group>"; };
		047CE1D91E288276005B74EB /* UIView+ZJExtension.h */ = {isa = PBXFileReference; fileEncoding = 4; lastKnownFileType = sourcecode.c.h; path = "UIView+ZJExtension.h"; sourceTree = "<group>"; };
		047CE1DA1E288276005B74EB /* UIView+ZJExtension.m */ = {isa = PBXFileReference; fileEncoding = 4; lastKnownFileType = sourcecode.c.objc; path = "UIView+ZJExtension.m"; sourceTree = "<group>"; };
		047CE1DD1E289955005B74EB /* UIColor+ZJRGBColor.h */ = {isa = PBXFileReference; fileEncoding = 4; lastKnownFileType = sourcecode.c.h; path = "UIColor+ZJRGBColor.h"; sourceTree = "<group>"; };
		047CE1DE1E289955005B74EB /* UIColor+ZJRGBColor.m */ = {isa = PBXFileReference; fileEncoding = 4; lastKnownFileType = sourcecode.c.objc; path = "UIColor+ZJRGBColor.m"; sourceTree = "<group>"; };
		049A06FA1E48195700934622 /* ZJTableViewController.h */ = {isa = PBXFileReference; fileEncoding = 4; lastKnownFileType = sourcecode.c.h; path = ZJTableViewController.h; sourceTree = "<group>"; };
		049A06FB1E48195700934622 /* ZJTableViewController.m */ = {isa = PBXFileReference; fileEncoding = 4; lastKnownFileType = sourcecode.c.objc; path = ZJTableViewController.m; sourceTree = "<group>"; };
		049A06FD1E48337700934622 /* ZJTableViewController.xib */ = {isa = PBXFileReference; fileEncoding = 4; lastKnownFileType = file.xib; path = ZJTableViewController.xib; sourceTree = "<group>"; };
		049A07001E485A7700934622 /* ZJMapController.h */ = {isa = PBXFileReference; fileEncoding = 4; lastKnownFileType = sourcecode.c.h; path = ZJMapController.h; sourceTree = "<group>"; };
		049A07011E485A7700934622 /* ZJMapController.m */ = {isa = PBXFileReference; fileEncoding = 4; lastKnownFileType = sourcecode.c.objc; path = ZJMapController.m; sourceTree = "<group>"; };
		049A07031E489F3B00934622 /* NSDate+XMGExtension.h */ = {isa = PBXFileReference; fileEncoding = 4; lastKnownFileType = sourcecode.c.h; path = "NSDate+XMGExtension.h"; sourceTree = "<group>"; };
		049A07041E489F3B00934622 /* NSDate+XMGExtension.m */ = {isa = PBXFileReference; fileEncoding = 4; lastKnownFileType = sourcecode.c.objc; path = "NSDate+XMGExtension.m"; sourceTree = "<group>"; };
		049C39211E49B4C90067C02F /* NSString+ZJDeviceModelName.h */ = {isa = PBXFileReference; fileEncoding = 4; lastKnownFileType = sourcecode.c.h; path = "NSString+ZJDeviceModelName.h"; sourceTree = "<group>"; };
		049C39221E49B4C90067C02F /* NSString+ZJDeviceModelName.m */ = {isa = PBXFileReference; fileEncoding = 4; lastKnownFileType = sourcecode.c.objc; path = "NSString+ZJDeviceModelName.m"; sourceTree = "<group>"; };
		049C39261E4AC21F0067C02F /* PopView.xib */ = {isa = PBXFileReference; fileEncoding = 4; lastKnownFileType = file.xib; path = PopView.xib; sourceTree = "<group>"; };
		049C39281E4AC2560067C02F /* ZJPopView.h */ = {isa = PBXFileReference; fileEncoding = 4; lastKnownFileType = sourcecode.c.h; path = ZJPopView.h; sourceTree = "<group>"; };
		049C39291E4AC2560067C02F /* ZJPopView.m */ = {isa = PBXFileReference; fileEncoding = 4; lastKnownFileType = sourcecode.c.objc; path = ZJPopView.m; sourceTree = "<group>"; };
		04C9ECF11E56EB1100D90AED /* ZJUser.h */ = {isa = PBXFileReference; fileEncoding = 4; lastKnownFileType = sourcecode.c.h; path = ZJUser.h; sourceTree = "<group>"; };
		04C9ECF21E56EB1100D90AED /* ZJUser.m */ = {isa = PBXFileReference; fileEncoding = 4; lastKnownFileType = sourcecode.c.objc; path = ZJUser.m; sourceTree = "<group>"; };
		681E91A6068153FA4F2B4251 /* Pods-农展物联网.debug.xcconfig */ = {isa = PBXFileReference; includeInIndex = 1; lastKnownFileType = text.xcconfig; name = "Pods-农展物联网.debug.xcconfig"; path = "Pods/Target Support Files/Pods-农展物联网/Pods-农展物联网.debug.xcconfig"; sourceTree = "<group>"; };
		9EAA428E8642AF7161E106AE /* Pods-农展物联网.release.xcconfig */ = {isa = PBXFileReference; includeInIndex = 1; lastKnownFileType = text.xcconfig; name = "Pods-农展物联网.release.xcconfig"; path = "Pods/Target Support Files/Pods-农展物联网/Pods-农展物联网.release.xcconfig"; sourceTree = "<group>"; };
/* End PBXFileReference section */

/* Begin PBXFrameworksBuildPhase section */
		047CE1AB1E277F21005B74EB /* Frameworks */ = {
			isa = PBXFrameworksBuildPhase;
			buildActionMask = 2147483647;
			files = (
				042A52BC1E5ADBA90044641E /* MapKit.framework in Frameworks */,
				ED387CB6DFB1B7F3631976F3 /* libPods-农展物联网.a in Frameworks */,
			);
			runOnlyForDeploymentPostprocessing = 0;
		};
/* End PBXFrameworksBuildPhase section */

/* Begin PBXGroup section */
		040A419D1E3045F60093C89B /* 报警设置 */ = {
			isa = PBXGroup;
			children = (
				040A419E1E30462D0093C89B /* ZJEarlyWarningController.h */,
				040A419F1E30462D0093C89B /* ZJEarlyWarningController.m */,
			);
			name = "报警设置";
			sourceTree = "<group>";
		};
		040A41A11E304B110093C89B /* 温室物联网生产管控设备 */ = {
			isa = PBXGroup;
			children = (
				040A41A21E304C200093C89B /* ZJGreenhouseWarningController.h */,
				040A41A31E304C200093C89B /* ZJGreenhouseWarningController.m */,
				04305EA21E5BCEE600913B39 /* ZJControlViewCell.h */,
				04305EA31E5BCEE600913B39 /* ZJControlViewCell.m */,
				04305EA41E5BCEE600913B39 /* ZJControlViewCell.xib */,
			);
			name = "温室物联网生产管控设备";
			sourceTree = "<group>";
		};
		046068F61E4B128A00D9D6F0 /* 会员中心 */ = {
			isa = PBXGroup;
			children = (
				047CE1CB1E278CAD005B74EB /* 会员介绍 */,
				046068F71E4C0D7600D9D6F0 /* ZJMemberCenterViewController.h */,
				046068F81E4C0D7600D9D6F0 /* ZJMemberCenterViewController.m */,
			);
			name = "会员中心";
			sourceTree = "<group>";
		};
		046069001E4C4A7900D9D6F0 /* 报警通知 */ = {
			isa = PBXGroup;
			children = (
				046069011E4C4AB200D9D6F0 /* ZJNoticeViewController.h */,
				046069021E4C4AB200D9D6F0 /* ZJNoticeViewController.m */,
			);
			name = "报警通知";
			sourceTree = "<group>";
		};
		046069071E4C6A7C00D9D6F0 /* SVProgressHUD */ = {
			isa = PBXGroup;
			children = (
				046069081E4C6A7C00D9D6F0 /* SVIndefiniteAnimatedView.h */,
				046069091E4C6A7C00D9D6F0 /* SVIndefiniteAnimatedView.m */,
				0460690A1E4C6A7C00D9D6F0 /* SVProgressAnimatedView.h */,
				0460690B1E4C6A7C00D9D6F0 /* SVProgressAnimatedView.m */,
				0460690C1E4C6A7C00D9D6F0 /* SVProgressHUD.bundle */,
				0460690D1E4C6A7C00D9D6F0 /* SVProgressHUD.h */,
				0460690E1E4C6A7C00D9D6F0 /* SVProgressHUD.m */,
				0460690F1E4C6A7C00D9D6F0 /* SVRadialGradientLayer.h */,
				046069101E4C6A7C00D9D6F0 /* SVRadialGradientLayer.m */,
			);
			path = SVProgressHUD;
			sourceTree = "<group>";
		};
		046069161E4C6ABC00D9D6F0 /* 意见反馈 */ = {
			isa = PBXGroup;
			children = (
				046069171E4C6ACE00D9D6F0 /* NXHFeedbackController.h */,
				046069181E4C6ACE00D9D6F0 /* NXHFeedbackController.m */,
				046069191E4C6ACE00D9D6F0 /* NXHFeedbackController.xib */,
			);
			name = "意见反馈";
			sourceTree = "<group>";
		};
		0460691C1E4DAE5900D9D6F0 /* 折线图 */ = {
			isa = PBXGroup;
			children = (
				042A52AA1E5A866A0044641E /* ZJlineChartController.h */,
				042A52AB1E5A866A0044641E /* ZJlineChartController.m */,
				042A52AC1E5A866A0044641E /* ZJlineChartController.xib */,
				042A52AF1E5AA0AB0044641E /* ZJLineChartCell.h */,
				042A52B01E5AA0AB0044641E /* ZJLineChartCell.m */,
				042A52B11E5AA0AB0044641E /* ZJLineChartCell.xib */,
			);
			name = "折线图";
			sourceTree = "<group>";
		};
		046D58A81E2F5C8D00717EEF /* 我的 */ = {
			isa = PBXGroup;
			children = (
				046D58A91E2F5CC500717EEF /* ZJMeController.h */,
				046D58AA1E2F5CC500717EEF /* ZJMeController.m */,
				046069161E4C6ABC00D9D6F0 /* 意见反馈 */,
				046068F61E4B128A00D9D6F0 /* 会员中心 */,
				047969C11E2E22D6002052D4 /* 控制设备 */,
				040A419D1E3045F60093C89B /* 报警设置 */,
			);
			name = "我的";
			sourceTree = "<group>";
		};
		0479699A1E2C651C002052D4 /* 详细展示页 */ = {
			isa = PBXGroup;
			children = (
				0479699B1E2C6577002052D4 /* ZJDisplayController.h */,
				0479699C1E2C6577002052D4 /* ZJDisplayController.m */,
				0453A11F1E60277D0034A205 /* ZJDisplayController.xib */,
				0460691C1E4DAE5900D9D6F0 /* 折线图 */,
			);
			name = "详细展示页";
			sourceTree = "<group>";
		};
		047969A11E2C73ED002052D4 /* Lib */ = {
			isa = PBXGroup;
			children = (
				046069071E4C6A7C00D9D6F0 /* SVProgressHUD */,
				047CE1DC1E28840B005B74EB /* ZJExetension */,
				047969A21E2C73F4002052D4 /* XRCarouselView */,
			);
			name = Lib;
			sourceTree = "<group>";
		};
		047969A21E2C73F4002052D4 /* XRCarouselView */ = {
			isa = PBXGroup;
			children = (
				047969A31E2C73F4002052D4 /* XRCarouselView.h */,
				047969A41E2C73F4002052D4 /* XRCarouselView.m */,
				047969A51E2C73F4002052D4 /* XRPlaceholder.png */,
			);
			path = XRCarouselView;
			sourceTree = "<group>";
		};
		047969A81E2CB5CD002052D4 /* 关于我们 */ = {
			isa = PBXGroup;
			children = (
				047969A91E2DBC22002052D4 /* ZJAboutUsController.h */,
				047969AA1E2DBC22002052D4 /* ZJAboutUsController.m */,
			);
			name = "关于我们";
			sourceTree = "<group>";
		};
		047969B31E2DE42A002052D4 /* 场景 */ = {
			isa = PBXGroup;
			children = (
				047969B41E2DFA85002052D4 /* ZJSenceController.h */,
				047969B51E2DFA85002052D4 /* ZJSenceController.m */,
				047969BC1E2E1206002052D4 /* ZJSenceCell.h */,
				047969BD1E2E1207002052D4 /* ZJSenceCell.m */,
				047969BE1E2E1207002052D4 /* ZJSenceCell.xib */,
			);
			name = "场景";
			sourceTree = "<group>";
		};
		047969C11E2E22D6002052D4 /* 控制设备 */ = {
			isa = PBXGroup;
			children = (
				047969C21E2E23EC002052D4 /* ZJControlEquipmentController.h */,
				047969C31E2E23EC002052D4 /* ZJControlEquipmentController.m */,
				040A41A11E304B110093C89B /* 温室物联网生产管控设备 */,
			);
			name = "控制设备";
			sourceTree = "<group>";
		};
		047CE1A51E277F21005B74EB = {
			isa = PBXGroup;
			children = (
				047CE1B01E277F21005B74EB /* 农展物联网 */,
				047CE1AF1E277F21005B74EB /* Products */,
				9FC30B21A25FFB8BAD987A99 /* Pods */,
				661FE330D38C532087FE8C08 /* Frameworks */,
			);
			sourceTree = "<group>";
		};
		047CE1AF1E277F21005B74EB /* Products */ = {
			isa = PBXGroup;
			children = (
				047CE1AE1E277F21005B74EB /* 农展物联网.app */,
			);
			name = Products;
			sourceTree = "<group>";
		};
		047CE1B01E277F21005B74EB /* 农展物联网 */ = {
			isa = PBXGroup;
			children = (
				04094E1E1E5ADC3F00011AF0 /* 农展物联网.entitlements */,
				04C9ECEF1E56EAEA00D90AED /* 模型 */,
				046069001E4C4A7900D9D6F0 /* 报警通知 */,
				049A06FF1E485A5200934622 /* 地图 */,
				049A06F91E4818CF00934622 /* 自定义选择器 */,
				046D58A81E2F5C8D00717EEF /* 我的 */,
				04BBF5541E2F04E400EBD57E /* 登录页面 */,
				047969B31E2DE42A002052D4 /* 场景 */,
				047969A11E2C73ED002052D4 /* Lib */,
				0479699A1E2C651C002052D4 /* 详细展示页 */,
				047CE1B41E277F21005B74EB /* AppDelegate.h */,
				047CE1B51E277F21005B74EB /* AppDelegate.m */,
				047CE1BA1E277F21005B74EB /* Main.storyboard */,
				047CE1D21E287610005B74EB /* PrefixHeader.pch */,
				0453A0F41E5ED09D0034A205 /* Foundation+Log.m */,
				047CE1BD1E277F21005B74EB /* Assets.xcassets */,
				047CE1BF1E277F21005B74EB /* LaunchScreen.storyboard */,
				047CE1C21E277F21005B74EB /* Info.plist */,
				047CE1B11E277F21005B74EB /* Supporting Files */,
				046068FA1E4C1CC400D9D6F0 /* ZJRootViewController.h */,
				046068FB1E4C1CC400D9D6F0 /* ZJRootViewController.m */,
				046068FD1E4C1CF400D9D6F0 /* ZJRootTableViewController.h */,
				046068FE1E4C1CF400D9D6F0 /* ZJRootTableViewController.m */,
			);
			path = "农展物联网";
			sourceTree = "<group>";
		};
		047CE1B11E277F21005B74EB /* Supporting Files */ = {
			isa = PBXGroup;
			children = (
				047CE1B21E277F21005B74EB /* main.m */,
			);
			name = "Supporting Files";
			sourceTree = "<group>";
		};
		047CE1C81E278265005B74EB /* xib */ = {
			isa = PBXGroup;
			children = (
				047969CE1E2EEF0B002052D4 /* ZJMemberIntroduceController.xib */,
				047CE1C91E278287005B74EB /* ZJPrivilegeController.xib */,
			);
			name = xib;
			sourceTree = "<group>";
		};
		047CE1CB1E278CAD005B74EB /* 会员介绍 */ = {
			isa = PBXGroup;
			children = (
				047969A81E2CB5CD002052D4 /* 关于我们 */,
				047CE1C81E278265005B74EB /* xib */,
				047969CC1E2EEF0B002052D4 /* ZJMemberIntroduceController.h */,
				047969CD1E2EEF0B002052D4 /* ZJMemberIntroduceController.m */,
				047CE1CC1E278CD3005B74EB /* ZJPrivilegeController.h */,
				047CE1CD1E278CD3005B74EB /* ZJPrivilegeController.m */,
			);
			name = "会员介绍";
			sourceTree = "<group>";
		};
		047CE1DC1E28840B005B74EB /* ZJExetension */ = {
			isa = PBXGroup;
			children = (
				046D58A31E2F4E7800717EEF /* Foundation+Log.m */,
				0453A0F61E5FD6B70034A205 /* ZJLabel.h */,
				0453A0F71E5FD6B70034A205 /* ZJLabel.m */,
				0453A0F91E5FDCBB0034A205 /* ZJImage.h */,
				0453A0FA1E5FDCBB0034A205 /* ZJImage.m */,
				046D58A01E2F3B4D00717EEF /* ZJTextField.h */,
				046D58A11E2F3B4D00717EEF /* ZJTextField.m */,
				047CE1D31E288129005B74EB /* ZJVerButton.h */,
				047CE1D41E288129005B74EB /* ZJVerButton.m */,
				047CE1CF1E27A7D9005B74EB /* ZJNaviController.h */,
				047CE1D01E27A7D9005B74EB /* ZJNaviController.m */,
				047CE1D91E288276005B74EB /* UIView+ZJExtension.h */,
				047CE1DA1E288276005B74EB /* UIView+ZJExtension.m */,
				047CE1DD1E289955005B74EB /* UIColor+ZJRGBColor.h */,
				047CE1DE1E289955005B74EB /* UIColor+ZJRGBColor.m */,
				046069041E4C50F800D9D6F0 /* UIBarButtonItem+ZJButtonItem.h */,
				046069051E4C50F800D9D6F0 /* UIBarButtonItem+ZJButtonItem.m */,
				0479699E1E2C6870002052D4 /* ZJUnlimitedCarousel.h */,
				0479699F1E2C6870002052D4 /* ZJUnlimitedCarousel.m */,
				046D58A51E2F51C400717EEF /* ZJObject.h */,
				046D58A61E2F51C400717EEF /* ZJObject.m */,
				049A07031E489F3B00934622 /* NSDate+XMGExtension.h */,
				049A07041E489F3B00934622 /* NSDate+XMGExtension.m */,
				040A41A51E30A6DC0093C89B /* UIViewController+ZJSetTitile.h */,
				040A41A61E30A6DC0093C89B /* UIViewController+ZJSetTitile.m */,
				049C39211E49B4C90067C02F /* NSString+ZJDeviceModelName.h */,
				049C39221E49B4C90067C02F /* NSString+ZJDeviceModelName.m */,
			);
			name = ZJExetension;
			sourceTree = "<group>";
		};
		049A06F91E4818CF00934622 /* 自定义选择器 */ = {
			isa = PBXGroup;
			children = (
				049A06FA1E48195700934622 /* ZJTableViewController.h */,
				049A06FB1E48195700934622 /* ZJTableViewController.m */,
				049A06FD1E48337700934622 /* ZJTableViewController.xib */,
			);
			name = "自定义选择器";
			sourceTree = "<group>";
		};
		049A06FF1E485A5200934622 /* 地图 */ = {
			isa = PBXGroup;
			children = (
				049A07001E485A7700934622 /* ZJMapController.h */,
				049A07011E485A7700934622 /* ZJMapController.m */,
				04305EA71E5BE62B00913B39 /* zoom.xib */,
				049C39281E4AC2560067C02F /* ZJPopView.h */,
				049C39291E4AC2560067C02F /* ZJPopView.m */,
				049C39261E4AC21F0067C02F /* PopView.xib */,
			);
			name = "地图";
			sourceTree = "<group>";
		};
		04BBF5541E2F04E400EBD57E /* 登录页面 */ = {
			isa = PBXGroup;
			children = (
				046D589D1E2F0FCF00717EEF /* ZJLoginController.h */,
				046D589E1E2F0FCF00717EEF /* ZJLoginController.m */,
			);
			name = "登录页面";
			sourceTree = "<group>";
		};
		04C9ECEF1E56EAEA00D90AED /* 模型 */ = {
			isa = PBXGroup;
			children = (
				04C9ECF01E56EAFF00D90AED /* 用户 */,
			);
			name = "模型";
			sourceTree = "<group>";
		};
		04C9ECF01E56EAFF00D90AED /* 用户 */ = {
			isa = PBXGroup;
			children = (
				04C9ECF11E56EB1100D90AED /* ZJUser.h */,
				04C9ECF21E56EB1100D90AED /* ZJUser.m */,
				0453A0F11E5E8D890034A205 /* ZJPavilion.h */,
				0453A0F21E5E8D890034A205 /* ZJPavilion.m */,
			);
			name = "用户";
			sourceTree = "<group>";
		};
		661FE330D38C532087FE8C08 /* Frameworks */ = {
			isa = PBXGroup;
			children = (
				042A52BB1E5ADBA90044641E /* MapKit.framework */,
				009E315EB784EF99752C87E3 /* libPods-农展物联网.a */,
			);
			name = Frameworks;
			sourceTree = "<group>";
		};
		9FC30B21A25FFB8BAD987A99 /* Pods */ = {
			isa = PBXGroup;
			children = (
				681E91A6068153FA4F2B4251 /* Pods-农展物联网.debug.xcconfig */,
				9EAA428E8642AF7161E106AE /* Pods-农展物联网.release.xcconfig */,
			);
			name = Pods;
			sourceTree = "<group>";
		};
/* End PBXGroup section */

/* Begin PBXNativeTarget section */
		047CE1AD1E277F21005B74EB /* 农展物联网 */ = {
			isa = PBXNativeTarget;
			buildConfigurationList = 047CE1C51E277F21005B74EB /* Build configuration list for PBXNativeTarget "农展物联网" */;
			buildPhases = (
				A0C88C07711374AA943BBAD9 /* [CP] Check Pods Manifest.lock */,
				047CE1AA1E277F21005B74EB /* Sources */,
				047CE1AB1E277F21005B74EB /* Frameworks */,
				047CE1AC1E277F21005B74EB /* Resources */,
				8E37BD7FA22CFC2BCA448E3C /* [CP] Embed Pods Frameworks */,
				EB1EC2C24DD793710601419C /* [CP] Copy Pods Resources */,
			);
			buildRules = (
			);
			dependencies = (
			);
			name = "农展物联网";
			productName = "农展物联网";
			productReference = 047CE1AE1E277F21005B74EB /* 农展物联网.app */;
			productType = "com.apple.product-type.application";
		};
/* End PBXNativeTarget section */

/* Begin PBXProject section */
		047CE1A61E277F21005B74EB /* Project object */ = {
			isa = PBXProject;
			attributes = {
				CLASSPREFIX = ZJ;
				LastUpgradeCheck = 0810;
				ORGANIZATIONNAME = HBNXWLKJ;
				TargetAttributes = {
					047CE1AD1E277F21005B74EB = {
						CreatedOnToolsVersion = 8.1;
						DevelopmentTeam = B45EWKGTQ3;
						ProvisioningStyle = Automatic;
						SystemCapabilities = {
							com.apple.BackgroundModes = {
								enabled = 0;
							};
							com.apple.InterAppAudio = {
								enabled = 0;
							};
							com.apple.Maps.iOS = {
								enabled = 0;
							};
							com.apple.Push = {
								enabled = 0;
							};
						};
					};
				};
			};
			buildConfigurationList = 047CE1A91E277F21005B74EB /* Build configuration list for PBXProject "农展物联网" */;
			compatibilityVersion = "Xcode 3.2";
			developmentRegion = English;
			hasScannedForEncodings = 0;
			knownRegions = (
				en,
				Base,
			);
			mainGroup = 047CE1A51E277F21005B74EB;
			productRefGroup = 047CE1AF1E277F21005B74EB /* Products */;
			projectDirPath = "";
			projectRoot = "";
			targets = (
				047CE1AD1E277F21005B74EB /* 农展物联网 */,
			);
		};
/* End PBXProject section */

/* Begin PBXResourcesBuildPhase section */
		047CE1AC1E277F21005B74EB /* Resources */ = {
			isa = PBXResourcesBuildPhase;
			buildActionMask = 2147483647;
			files = (
				04305EA81E5BE62B00913B39 /* zoom.xib in Resources */,
				042A52AE1E5A866A0044641E /* ZJlineChartController.xib in Resources */,
				047CE1C11E277F21005B74EB /* LaunchScreen.storyboard in Resources */,
				04305EA61E5BCEE600913B39 /* ZJControlViewCell.xib in Resources */,
				049C39271E4AC21F0067C02F /* PopView.xib in Resources */,
				047CE1CA1E278287005B74EB /* ZJPrivilegeController.xib in Resources */,
				0453A1201E60277D0034A205 /* ZJDisplayController.xib in Resources */,
				047969A71E2C73F4002052D4 /* XRPlaceholder.png in Resources */,
				047CE1BE1E277F21005B74EB /* Assets.xcassets in Resources */,
				0460691B1E4C6ACE00D9D6F0 /* NXHFeedbackController.xib in Resources */,
				046069131E4C6A7C00D9D6F0 /* SVProgressHUD.bundle in Resources */,
				047969C01E2E1207002052D4 /* ZJSenceCell.xib in Resources */,
				049A06FE1E48337700934622 /* ZJTableViewController.xib in Resources */,
				042A52B31E5AA0AB0044641E /* ZJLineChartCell.xib in Resources */,
				047969D01E2EEF0B002052D4 /* ZJMemberIntroduceController.xib in Resources */,
				047CE1BC1E277F21005B74EB /* Main.storyboard in Resources */,
			);
			runOnlyForDeploymentPostprocessing = 0;
		};
/* End PBXResourcesBuildPhase section */

/* Begin PBXShellScriptBuildPhase section */
		8E37BD7FA22CFC2BCA448E3C /* [CP] Embed Pods Frameworks */ = {
			isa = PBXShellScriptBuildPhase;
			buildActionMask = 2147483647;
			files = (
			);
			inputPaths = (
			);
			name = "[CP] Embed Pods Frameworks";
			outputPaths = (
			);
			runOnlyForDeploymentPostprocessing = 0;
			shellPath = /bin/sh;
			shellScript = "\"${SRCROOT}/Pods/Target Support Files/Pods-农展物联网/Pods-农展物联网-frameworks.sh\"\n";
			showEnvVarsInLog = 0;
		};
		A0C88C07711374AA943BBAD9 /* [CP] Check Pods Manifest.lock */ = {
			isa = PBXShellScriptBuildPhase;
			buildActionMask = 2147483647;
			files = (
			);
			inputPaths = (
			);
			name = "[CP] Check Pods Manifest.lock";
			outputPaths = (
			);
			runOnlyForDeploymentPostprocessing = 0;
			shellPath = /bin/sh;
			shellScript = "diff \"${PODS_ROOT}/../Podfile.lock\" \"${PODS_ROOT}/Manifest.lock\" > /dev/null\nif [[ $? != 0 ]] ; then\n    cat << EOM\nerror: The sandbox is not in sync with the Podfile.lock. Run 'pod install' or update your CocoaPods installation.\nEOM\n    exit 1\nfi\n";
			showEnvVarsInLog = 0;
		};
		EB1EC2C24DD793710601419C /* [CP] Copy Pods Resources */ = {
			isa = PBXShellScriptBuildPhase;
			buildActionMask = 2147483647;
			files = (
			);
			inputPaths = (
			);
			name = "[CP] Copy Pods Resources";
			outputPaths = (
			);
			runOnlyForDeploymentPostprocessing = 0;
			shellPath = /bin/sh;
			shellScript = "\"${SRCROOT}/Pods/Target Support Files/Pods-农展物联网/Pods-农展物联网-resources.sh\"\n";
			showEnvVarsInLog = 0;
		};
/* End PBXShellScriptBuildPhase section */

/* Begin PBXSourcesBuildPhase section */
		047CE1AA1E277F21005B74EB /* Sources */ = {
			isa = PBXSourcesBuildPhase;
			buildActionMask = 2147483647;
			files = (
				047969C41E2E23EC002052D4 /* ZJControlEquipmentController.m in Sources */,
				046069061E4C50F800D9D6F0 /* UIBarButtonItem+ZJButtonItem.m in Sources */,
				046068FF1E4C1CF400D9D6F0 /* ZJRootTableViewController.m in Sources */,
				047969CF1E2EEF0B002052D4 /* ZJMemberIntroduceController.m in Sources */,
				040A41A41E304C200093C89B /* ZJGreenhouseWarningController.m in Sources */,
				046069111E4C6A7C00D9D6F0 /* SVIndefiniteAnimatedView.m in Sources */,
				046068FC1E4C1CC400D9D6F0 /* ZJRootViewController.m in Sources */,
				040A41A71E30A6DC0093C89B /* UIViewController+ZJSetTitile.m in Sources */,
				046D589F1E2F0FCF00717EEF /* ZJLoginController.m in Sources */,
				0453A0F31E5E8D890034A205 /* ZJPavilion.m in Sources */,
				046069031E4C4AB200D9D6F0 /* ZJNoticeViewController.m in Sources */,
				046069151E4C6A7C00D9D6F0 /* SVRadialGradientLayer.m in Sources */,
				049A07021E485A7700934622 /* ZJMapController.m in Sources */,
				047CE1CE1E278CD3005B74EB /* ZJPrivilegeController.m in Sources */,
				04C9ECF31E56EB1100D90AED /* ZJUser.m in Sources */,
				047969A61E2C73F4002052D4 /* XRCarouselView.m in Sources */,
				0479699D1E2C6577002052D4 /* ZJDisplayController.m in Sources */,
				047CE1B61E277F21005B74EB /* AppDelegate.m in Sources */,
				040A41A01E30462D0093C89B /* ZJEarlyWarningController.m in Sources */,
				042A52B21E5AA0AB0044641E /* ZJLineChartCell.m in Sources */,
				046D58A41E2F4E7800717EEF /* Foundation+Log.m in Sources */,
				047CE1B31E277F21005B74EB /* main.m in Sources */,
				049A06FC1E48195700934622 /* ZJTableViewController.m in Sources */,
				047CE1D11E27A7D9005B74EB /* ZJNaviController.m in Sources */,
				047969B61E2DFA85002052D4 /* ZJSenceController.m in Sources */,
				047969AB1E2DBC22002052D4 /* ZJAboutUsController.m in Sources */,
				046069121E4C6A7C00D9D6F0 /* SVProgressAnimatedView.m in Sources */,
				0453A0F51E5ED09D0034A205 /* Foundation+Log.m in Sources */,
				0460691A1E4C6ACE00D9D6F0 /* NXHFeedbackController.m in Sources */,
				047CE1DF1E289955005B74EB /* UIColor+ZJRGBColor.m in Sources */,
				0453A0F81E5FD6B70034A205 /* ZJLabel.m in Sources */,
				047969BF1E2E1207002052D4 /* ZJSenceCell.m in Sources */,
				046069141E4C6A7C00D9D6F0 /* SVProgressHUD.m in Sources */,
				0453A0FB1E5FDCBB0034A205 /* ZJImage.m in Sources */,
				049A07051E489F3B00934622 /* NSDate+XMGExtension.m in Sources */,
				046068F91E4C0D7600D9D6F0 /* ZJMemberCenterViewController.m in Sources */,
				047CE1D51E288129005B74EB /* ZJVerButton.m in Sources */,
				047CE1DB1E288276005B74EB /* UIView+ZJExtension.m in Sources */,
				049C392A1E4AC2560067C02F /* ZJPopView.m in Sources */,
				049C39231E49B4C90067C02F /* NSString+ZJDeviceModelName.m in Sources */,
				046D58A71E2F51C400717EEF /* ZJObject.m in Sources */,
				042A52AD1E5A866A0044641E /* ZJlineChartController.m in Sources */,
				04305EA51E5BCEE600913B39 /* ZJControlViewCell.m in Sources */,
				046D58A21E2F3B4D00717EEF /* ZJTextField.m in Sources */,
				046D58AB1E2F5CC500717EEF /* ZJMeController.m in Sources */,
				047969A01E2C6870002052D4 /* ZJUnlimitedCarousel.m in Sources */,
			);
			runOnlyForDeploymentPostprocessing = 0;
		};
/* End PBXSourcesBuildPhase section */

/* Begin PBXVariantGroup section */
		047CE1BA1E277F21005B74EB /* Main.storyboard */ = {
			isa = PBXVariantGroup;
			children = (
				047CE1BB1E277F21005B74EB /* Base */,
			);
			name = Main.storyboard;
			sourceTree = "<group>";
		};
		047CE1BF1E277F21005B74EB /* LaunchScreen.storyboard */ = {
			isa = PBXVariantGroup;
			children = (
				047CE1C01E277F21005B74EB /* Base */,
			);
			name = LaunchScreen.storyboard;
			sourceTree = "<group>";
		};
/* End PBXVariantGroup section */

/* Begin XCBuildConfiguration section */
		047CE1C31E277F21005B74EB /* Debug */ = {
			isa = XCBuildConfiguration;
			buildSettings = {
				ALWAYS_SEARCH_USER_PATHS = NO;
				CLANG_ANALYZER_NONNULL = YES;
				CLANG_CXX_LANGUAGE_STANDARD = "gnu++0x";
				CLANG_CXX_LIBRARY = "libc++";
				CLANG_ENABLE_MODULES = YES;
				CLANG_ENABLE_OBJC_ARC = YES;
				CLANG_WARN_BOOL_CONVERSION = YES;
				CLANG_WARN_CONSTANT_CONVERSION = YES;
				CLANG_WARN_DIRECT_OBJC_ISA_USAGE = YES_ERROR;
				CLANG_WARN_DOCUMENTATION_COMMENTS = YES;
				CLANG_WARN_EMPTY_BODY = YES;
				CLANG_WARN_ENUM_CONVERSION = YES;
				CLANG_WARN_INFINITE_RECURSION = YES;
				CLANG_WARN_INT_CONVERSION = YES;
				CLANG_WARN_OBJC_ROOT_CLASS = YES_ERROR;
				CLANG_WARN_SUSPICIOUS_MOVES = YES;
				CLANG_WARN_UNREACHABLE_CODE = YES;
				CLANG_WARN__DUPLICATE_METHOD_MATCH = YES;
				"CODE_SIGN_IDENTITY[sdk=iphoneos*]" = "iPhone Developer";
				COPY_PHASE_STRIP = NO;
				DEBUG_INFORMATION_FORMAT = dwarf;
				ENABLE_STRICT_OBJC_MSGSEND = YES;
				ENABLE_TESTABILITY = YES;
				GCC_C_LANGUAGE_STANDARD = gnu99;
				GCC_DYNAMIC_NO_PIC = NO;
				GCC_NO_COMMON_BLOCKS = YES;
				GCC_OPTIMIZATION_LEVEL = 0;
				GCC_PREPROCESSOR_DEFINITIONS = (
					"DEBUG=1",
					"$(inherited)",
				);
				GCC_WARN_64_TO_32_BIT_CONVERSION = YES;
				GCC_WARN_ABOUT_RETURN_TYPE = YES_ERROR;
				GCC_WARN_UNDECLARED_SELECTOR = YES;
				GCC_WARN_UNINITIALIZED_AUTOS = YES_AGGRESSIVE;
				GCC_WARN_UNUSED_FUNCTION = YES;
				GCC_WARN_UNUSED_VARIABLE = YES;
				IPHONEOS_DEPLOYMENT_TARGET = 10.1;
				MTL_ENABLE_DEBUG_INFO = YES;
				ONLY_ACTIVE_ARCH = YES;
				SDKROOT = iphoneos;
			};
			name = Debug;
		};
		047CE1C41E277F21005B74EB /* Release */ = {
			isa = XCBuildConfiguration;
			buildSettings = {
				ALWAYS_SEARCH_USER_PATHS = NO;
				CLANG_ANALYZER_NONNULL = YES;
				CLANG_CXX_LANGUAGE_STANDARD = "gnu++0x";
				CLANG_CXX_LIBRARY = "libc++";
				CLANG_ENABLE_MODULES = YES;
				CLANG_ENABLE_OBJC_ARC = YES;
				CLANG_WARN_BOOL_CONVERSION = YES;
				CLANG_WARN_CONSTANT_CONVERSION = YES;
				CLANG_WARN_DIRECT_OBJC_ISA_USAGE = YES_ERROR;
				CLANG_WARN_DOCUMENTATION_COMMENTS = YES;
				CLANG_WARN_EMPTY_BODY = YES;
				CLANG_WARN_ENUM_CONVERSION = YES;
				CLANG_WARN_INFINITE_RECURSION = YES;
				CLANG_WARN_INT_CONVERSION = YES;
				CLANG_WARN_OBJC_ROOT_CLASS = YES_ERROR;
				CLANG_WARN_SUSPICIOUS_MOVES = YES;
				CLANG_WARN_UNREACHABLE_CODE = YES;
				CLANG_WARN__DUPLICATE_METHOD_MATCH = YES;
				"CODE_SIGN_IDENTITY[sdk=iphoneos*]" = "iPhone Developer";
				COPY_PHASE_STRIP = NO;
				DEBUG_INFORMATION_FORMAT = "dwarf-with-dsym";
				ENABLE_NS_ASSERTIONS = NO;
				ENABLE_STRICT_OBJC_MSGSEND = YES;
				GCC_C_LANGUAGE_STANDARD = gnu99;
				GCC_NO_COMMON_BLOCKS = YES;
				GCC_WARN_64_TO_32_BIT_CONVERSION = YES;
				GCC_WARN_ABOUT_RETURN_TYPE = YES_ERROR;
				GCC_WARN_UNDECLARED_SELECTOR = YES;
				GCC_WARN_UNINITIALIZED_AUTOS = YES_AGGRESSIVE;
				GCC_WARN_UNUSED_FUNCTION = YES;
				GCC_WARN_UNUSED_VARIABLE = YES;
				IPHONEOS_DEPLOYMENT_TARGET = 10.1;
				MTL_ENABLE_DEBUG_INFO = NO;
				SDKROOT = iphoneos;
				VALIDATE_PRODUCT = YES;
			};
			name = Release;
		};
		047CE1C61E277F21005B74EB /* Debug */ = {
			isa = XCBuildConfiguration;
			baseConfigurationReference = 681E91A6068153FA4F2B4251 /* Pods-农展物联网.debug.xcconfig */;
			buildSettings = {
				ASSETCATALOG_COMPILER_APPICON_NAME = AppIcon;
				DEVELOPMENT_TEAM = B45EWKGTQ3;
				GCC_PREFIX_HEADER = "$(PRODUCT_NAME)/PrefixHeader.pch";
				INFOPLIST_FILE = "农展物联网/Info.plist";
				IPHONEOS_DEPLOYMENT_TARGET = 9.1;
				LD_RUNPATH_SEARCH_PATHS = "$(inherited) @executable_path/Frameworks";
				LIBRARY_SEARCH_PATHS = (
					"$(inherited)",
					"$(PROJECT_DIR)/农展物联网/AFNetworking",
				);
				PRODUCT_BUNDLE_IDENTIFIER = "com.HBNXWLKJ.-----1";
				PRODUCT_NAME = "$(TARGET_NAME)";
			};
			name = Debug;
		};
		047CE1C71E277F21005B74EB /* Release */ = {
			isa = XCBuildConfiguration;
			baseConfigurationReference = 9EAA428E8642AF7161E106AE /* Pods-农展物联网.release.xcconfig */;
			buildSettings = {
				ASSETCATALOG_COMPILER_APPICON_NAME = AppIcon;
				DEVELOPMENT_TEAM = B45EWKGTQ3;
				GCC_PREFIX_HEADER = "$(PRODUCT_NAME)/PrefixHeader.pch";
				INFOPLIST_FILE = "农展物联网/Info.plist";
				IPHONEOS_DEPLOYMENT_TARGET = 9.1;
				LD_RUNPATH_SEARCH_PATHS = "$(inherited) @executable_path/Frameworks";
				LIBRARY_SEARCH_PATHS = (
					"$(inherited)",
					"$(PROJECT_DIR)/农展物联网/AFNetworking",
				);
				PRODUCT_BUNDLE_IDENTIFIER = "com.HBNXWLKJ.-----1";
				PRODUCT_NAME = "$(TARGET_NAME)";
			};
			name = Release;
		};
/* End XCBuildConfiguration section */

/* Begin XCConfigurationList section */
		047CE1A91E277F21005B74EB /* Build configuration list for PBXProject "农展物联网" */ = {
			isa = XCConfigurationList;
			buildConfigurations = (
				047CE1C31E277F21005B74EB /* Debug */,
				047CE1C41E277F21005B74EB /* Release */,
			);
			defaultConfigurationIsVisible = 0;
			defaultConfigurationName = Release;
		};
		047CE1C51E277F21005B74EB /* Build configuration list for PBXNativeTarget "农展物联网" */ = {
			isa = XCConfigurationList;
			buildConfigurations = (
				047CE1C61E277F21005B74EB /* Debug */,
				047CE1C71E277F21005B74EB /* Release */,
			);
			defaultConfigurationIsVisible = 0;
			defaultConfigurationName = Release;
		};
/* End XCConfigurationList section */
	};
	rootObject = 047CE1A61E277F21005B74EB /* Project object */;
}
